{
  "name": "node",
  "version": "1.0.0",
  "lockfileVersion": 1,
  "requires": true,
  "dependencies": {
    "axios": {
      "version": "0.21.2",
      "resolved": "https://registry.npmjs.org/axios/-/axios-0.21.2.tgz",
      "integrity": "sha512-87otirqUw3e8CzHTMO+/9kh/FSgXt/eVDvipijwDtEuwbkySWZ9SBm6VEubmJ/kLKEoLQV/POhxXFb66bfekfg==",
      "requires": {
        "follow-redirects": "^1.14.0"
      }
    },
    "follow-redirects": {
      "version": "1.15.2",
      "resolved": "https://registry.npmjs.org/follow-redirects/-/follow-redirects-1.15.2.tgz",
      "integrity": "sha512-VQLG33o04KaQ8uYi2tVNbdrWp1QWxNNea+nmIB4EVM28v0hmP17z7aG1+wAkNzVq4KeXTq3221ye5qTJP91JwA=="
    },
    "pretty-var-export": {
      "version": "1.0.1",
      "resolved": "https://registry.npmjs.org/pretty-var-export/-/pretty-var-export-1.0.1.tgz",
      "integrity": "sha512-ldJDnI9P0rFzXo6mmz7XuiGbE4e/vTxJD8638geRYFg2dy4QhHqFpsI0fE/fDvbxKtIqd1W0XLo9/e2wLadxLw==",
      "dev": true
    }
  }
}
